
Microsoft Visual Studio Solution File, Format Version 12.00
# Visual Studio 15
VisualStudioVersion = 15.0.27703.2042
MinimumVisualStudioVersion = 10.0.40219.1
Project("{FAE04EC0-301F-11D3-BF4B-00C04F79EFBC}") = "GameStore.Web", "GameStore.Web\GameStore.Web.csproj", "{10E35FBD-4E31-4BF5-B3A1-CD6FEAF7384B}"
EndProject
Project("{FAE04EC0-301F-11D3-BF4B-00C04F79EFBC}") = "GameStore.Bll", "GameStore.Bll\GameStore.Bll.csproj", "{1870AE35-AD95-4351-A2B9-574A53CBED6F}"
EndProject
Project("{FAE04EC0-301F-11D3-BF4B-00C04F79EFBC}") = "GameStore.Dal", "GameStore.Dal\GameStore.Dal.csproj", "{1006AFF0-0DF7-4B66-BDB7-24067E5C8236}"
EndProject
Project("{FAE04EC0-301F-11D3-BF4B-00C04F79EFBC}") = "GameStore.Test", "GameStore.Test\GameStore.Test.csproj", "{74BFADBE-D094-4B40-843B-356BB073CB4C}"
EndProject
Global
	GlobalSection(SolutionConfigurationPlatforms) = preSolution
		Debug|Any CPU = Debug|Any CPU
		Release|Any CPU = Release|Any CPU
	EndGlobalSection
	GlobalSection(ProjectConfigurationPlatforms) = postSolution
		{10E35FBD-4E31-4BF5-B3A1-CD6FEAF7384B}.Debug|Any CPU.ActiveCfg = Debug|Any CPU
		{10E35FBD-4E31-4BF5-B3A1-CD6FEAF7384B}.Debug|Any CPU.Build.0 = Debug|Any CPU
		{10E35FBD-4E31-4BF5-B3A1-CD6FEAF7384B}.Release|Any CPU.ActiveCfg = Release|Any CPU
		{10E35FBD-4E31-4BF5-B3A1-CD6FEAF7384B}.Release|Any CPU.Build.0 = Release|Any CPU
		{1870AE35-AD95-4351-A2B9-574A53CBED6F}.Debug|Any CPU.ActiveCfg = Debug|Any CPU
		{1870AE35-AD95-4351-A2B9-574A53CBED6F}.Debug|Any CPU.Build.0 = Debug|Any CPU
		{1870AE35-AD95-4351-A2B9-574A53CBED6F}.Release|Any CPU.ActiveCfg = Release|Any CPU
		{1870AE35-AD95-4351-A2B9-574A53CBED6F}.Release|Any CPU.Build.0 = Release|Any CPU
		{1006AFF0-0DF7-4B66-BDB7-24067E5C8236}.Debug|Any CPU.ActiveCfg = Debug|Any CPU
		{1006AFF0-0DF7-4B66-BDB7-24067E5C8236}.Debug|Any CPU.Build.0 = Debug|Any CPU
		{1006AFF0-0DF7-4B66-BDB7-24067E5C8236}.Release|Any CPU.ActiveCfg = Release|Any CPU
		{1006AFF0-0DF7-4B66-BDB7-24067E5C8236}.Release|Any CPU.Build.0 = Release|Any CPU
		{74BFADBE-D094-4B40-843B-356BB073CB4C}.Debug|Any CPU.ActiveCfg = Debug|Any CPU
		{74BFADBE-D094-4B40-843B-356BB073CB4C}.Debug|Any CPU.Build.0 = Debug|Any CPU
		{74BFADBE-D094-4B40-843B-356BB073CB4C}.Release|Any CPU.ActiveCfg = Release|Any CPU
		{74BFADBE-D094-4B40-843B-356BB073CB4C}.Release|Any CPU.Build.0 = Release|Any CPU
	EndGlobalSection
	GlobalSection(SolutionProperties) = preSolution
		HideSolutionNode = FALSE
	EndGlobalSection
	GlobalSection(ExtensibilityGlobals) = postSolution
		SolutionGuid = {3A0E2339-01ED-4B9E-8FF2-502D273E6BFB}
	EndGlobalSection
EndGlobal
